{
  "name": "detect-in-app-browser",
  "version": "1.0.0",
  "lockfileVersion": 3,
  "requires": true,
  "packages": {
    "": {
      "name": "detect-in-app-browser",
      "version": "1.0.0",
      "license": "MIT",
      "dependencies": {
        "bowser": "^2.12.1"
      },
      "devDependencies": {
        "typescript": "^5.9.3"
      },
      "engines": {
        "node": ">=16.0.0"
      }
    },
    "node_modules/bowser": {
      "version": "2.12.1",
      "resolved": "https://registry.npmjs.org/bowser/-/bowser-2.12.1.tgz",
      "integrity": "sha512-z4rE2Gxh7tvshQ4hluIT7XcFrgLIQaw9X3A+kTTRdovCz5PMukm/0QC/BKSYPj3omF5Qfypn9O/c5kgpmvYUCw==",
      "license": "MIT"
    },
    "node_modules/typescript": {
      "version": "5.9.3",
      "resolved": "https://registry.npmjs.org/typescript/-/typescript-5.9.3.tgz",
      "integrity": "sha512-jl1vZzPDinLr9eUt3J/t7V6FgNEw9QjvBPdysz9KfQDD41fQrC2Y4vKQdiaUpFT4bXlb1RHhLpp8wtm6M5TgSw==",
      "dev": true,
      "license": "Apache-2.0",
      "bin": {
        "tsc": "bin/tsc",
        "tsserver": "bin/tsserver"
      },
      "engines": {
        "node": ">=14.17"
      }
    }
  }
}
